
Microsoft Visual Studio Solution File, Format Version 12.00
# Visual Studio Version 17
VisualStudioVersion = 17.9.34701.34
MinimumVisualStudioVersion = 10.0.40219.1
Project("{888888A0-9F3D-457C-B088-3A5042F75D52}") = "Koshelev_Git_lab1", "Koshelev_Git_lab1.pyproj", "{37179060-0577-4965-A67D-D87D79F791BE}"
EndProject
Global
	GlobalSection(SolutionConfigurationPlatforms) = preSolution
		Debug|Any CPU = Debug|Any CPU
		Release|Any CPU = Release|Any CPU
	EndGlobalSection
	GlobalSection(ProjectConfigurationPlatforms) = postSolution
		{37179060-0577-4965-A67D-D87D79F791BE}.Debug|Any CPU.ActiveCfg = Debug|Any CPU
		{37179060-0577-4965-A67D-D87D79F791BE}.Release|Any CPU.ActiveCfg = Release|Any CPU
	EndGlobalSection
	GlobalSection(SolutionProperties) = preSolution
		HideSolutionNode = FALSE
	EndGlobalSection
	GlobalSection(ExtensibilityGlobals) = postSolution
		SolutionGuid = {C1E7CB7F-2C88-451F-8B33-8D5F09FBC8F6}
	EndGlobalSection
EndGlobal
